
Microsoft Visual Studio Solution File, Format Version 12.00
# Visual Studio 14
VisualStudioVersion = 14.0.23107.0
MinimumVisualStudioVersion = 10.0.40219.1
Project("{FAE04EC0-301F-11D3-BF4B-00C04F79EFBC}") = "SystemMonitor", "SystemMonitor\SystemMonitor.csproj", "{EE1A10AA-DFF7-441D-B692-F805194592F2}"
EndProject
Project("{FAE04EC0-301F-11D3-BF4B-00C04F79EFBC}") = "Tool", "Tool\Tool.csproj", "{0384C67C-1B55-440C-84BA-17F8396955FD}"
EndProject
Project("{FAE04EC0-301F-11D3-BF4B-00C04F79EFBC}") = "Test", "Test\Test.csproj", "{9BC717E8-327F-4B7B-A368-7375AFA25ED2}"
EndProject
Global
	GlobalSection(SolutionConfigurationPlatforms) = preSolution
		Debug|Any CPU = Debug|Any CPU
		Release|Any CPU = Release|Any CPU
	EndGlobalSection
	GlobalSection(ProjectConfigurationPlatforms) = postSolution
		{EE1A10AA-DFF7-441D-B692-F805194592F2}.Debug|Any CPU.ActiveCfg = Debug|Any CPU
		{EE1A10AA-DFF7-441D-B692-F805194592F2}.Debug|Any CPU.Build.0 = Debug|Any CPU
		{EE1A10AA-DFF7-441D-B692-F805194592F2}.Release|Any CPU.ActiveCfg = Release|Any CPU
		{EE1A10AA-DFF7-441D-B692-F805194592F2}.Release|Any CPU.Build.0 = Release|Any CPU
		{0384C67C-1B55-440C-84BA-17F8396955FD}.Debug|Any CPU.ActiveCfg = Debug|Any CPU
		{0384C67C-1B55-440C-84BA-17F8396955FD}.Debug|Any CPU.Build.0 = Debug|Any CPU
		{0384C67C-1B55-440C-84BA-17F8396955FD}.Release|Any CPU.ActiveCfg = Release|Any CPU
		{0384C67C-1B55-440C-84BA-17F8396955FD}.Release|Any CPU.Build.0 = Release|Any CPU
		{9BC717E8-327F-4B7B-A368-7375AFA25ED2}.Debug|Any CPU.ActiveCfg = Debug|Any CPU
		{9BC717E8-327F-4B7B-A368-7375AFA25ED2}.Debug|Any CPU.Build.0 = Debug|Any CPU
		{9BC717E8-327F-4B7B-A368-7375AFA25ED2}.Release|Any CPU.ActiveCfg = Release|Any CPU
		{9BC717E8-327F-4B7B-A368-7375AFA25ED2}.Release|Any CPU.Build.0 = Release|Any CPU
	EndGlobalSection
	GlobalSection(SolutionProperties) = preSolution
		HideSolutionNode = FALSE
	EndGlobalSection
EndGlobal
